
Microsoft Visual Studio Solution File, Format Version 12.00
# Visual Studio 15
VisualStudioVersion = 15.0.28010.2050
MinimumVisualStudioVersion = 10.0.40219.1
Project("{FAE04EC0-301F-11D3-BF4B-00C04F79EFBC}") = "My_planner", "My_planner\My_planner.csproj", "{B01A4BA1-6CBC-48F4-89D2-4E26B758913A}"
EndProject
Global
	GlobalSection(SolutionConfigurationPlatforms) = preSolution
		Debug|Any CPU = Debug|Any CPU
		Release|Any CPU = Release|Any CPU
	EndGlobalSection
	GlobalSection(ProjectConfigurationPlatforms) = postSolution
		{B01A4BA1-6CBC-48F4-89D2-4E26B758913A}.Debug|Any CPU.ActiveCfg = Debug|Any CPU
		{B01A4BA1-6CBC-48F4-89D2-4E26B758913A}.Debug|Any CPU.Build.0 = Debug|Any CPU
		{B01A4BA1-6CBC-48F4-89D2-4E26B758913A}.Release|Any CPU.ActiveCfg = Release|Any CPU
		{B01A4BA1-6CBC-48F4-89D2-4E26B758913A}.Release|Any CPU.Build.0 = Release|Any CPU
	EndGlobalSection
	GlobalSection(SolutionProperties) = preSolution
		HideSolutionNode = FALSE
	EndGlobalSection
	GlobalSection(ExtensibilityGlobals) = postSolution
		SolutionGuid = {03CE1055-5CD5-4EA3-863A-522D0C853915}
	EndGlobalSection
EndGlobal
